
Microsoft Visual Studio Solution File, Format Version 12.00
# Visual Studio Version 17
VisualStudioVersion = 17.1.32414.318
MinimumVisualStudioVersion = 10.0.40219.1
Project("{FAE04EC0-301F-11D3-BF4B-00C04F79EFBC}") = "LepszeAnkiety.Repository", "LepszeAnkiety.Repository\LepszeAnkiety.Repository.csproj", "{F3B23554-88BE-400D-8B21-56D54AF8464C}"
EndProject
Project("{FAE04EC0-301F-11D3-BF4B-00C04F79EFBC}") = "LepszeAnkiety.WebApp", "LepszeAnkiety.WebApp\LepszeAnkiety.WebApp.csproj", "{953A8C2F-1945-467D-A9E7-81E08720C71F}"
EndProject
Global
	GlobalSection(SolutionConfigurationPlatforms) = preSolution
		Debug|Any CPU = Debug|Any CPU
		Release|Any CPU = Release|Any CPU
	EndGlobalSection
	GlobalSection(ProjectConfigurationPlatforms) = postSolution
		{F3B23554-88BE-400D-8B21-56D54AF8464C}.Debug|Any CPU.ActiveCfg = Debug|Any CPU
		{F3B23554-88BE-400D-8B21-56D54AF8464C}.Debug|Any CPU.Build.0 = Debug|Any CPU
		{F3B23554-88BE-400D-8B21-56D54AF8464C}.Release|Any CPU.ActiveCfg = Release|Any CPU
		{F3B23554-88BE-400D-8B21-56D54AF8464C}.Release|Any CPU.Build.0 = Release|Any CPU
		{953A8C2F-1945-467D-A9E7-81E08720C71F}.Debug|Any CPU.ActiveCfg = Debug|Any CPU
		{953A8C2F-1945-467D-A9E7-81E08720C71F}.Debug|Any CPU.Build.0 = Debug|Any CPU
		{953A8C2F-1945-467D-A9E7-81E08720C71F}.Release|Any CPU.ActiveCfg = Release|Any CPU
		{953A8C2F-1945-467D-A9E7-81E08720C71F}.Release|Any CPU.Build.0 = Release|Any CPU
	EndGlobalSection
	GlobalSection(SolutionProperties) = preSolution
		HideSolutionNode = FALSE
	EndGlobalSection
	GlobalSection(ExtensibilityGlobals) = postSolution
		SolutionGuid = {0DF5D3F3-09CE-48D8-8833-ECC25DA6AD03}
	EndGlobalSection
EndGlobal
